// !$*UTF8*$!
{
	archiveVersion = 1;
	classes = {
	};
	objectVersion = 55;
	objects = {

/* Begin PBXBuildFile section */
		0D06262428E0089A00A94A79 /* ProspectsView.swift in Sources */ = {isa = PBXBuildFile; fileRef = 0D06262328E0089A00A94A79 /* ProspectsView.swift */; };
		0D06262528E0089A00A94A79 /* ProspectsView.swift in Sources */ = {isa = PBXBuildFile; fileRef = 0D06262328E0089A00A94A79 /* ProspectsView.swift */; };
		0D06262728E008B100A94A79 /* MeView.swift in Sources */ = {isa = PBXBuildFile; fileRef = 0D06262628E008B100A94A79 /* MeView.swift */; };
		0D06262828E008B100A94A79 /* MeView.swift in Sources */ = {isa = PBXBuildFile; fileRef = 0D06262628E008B100A94A79 /* MeView.swift */; };
		0D06262A28E00B0100A94A79 /* Prospact.swift in Sources */ = {isa = PBXBuildFile; fileRef = 0D06262928E00B0100A94A79 /* Prospact.swift */; };
		0D06262B28E00B0100A94A79 /* Prospact.swift in Sources */ = {isa = PBXBuildFile; fileRef = 0D06262928E00B0100A94A79 /* Prospact.swift */; };
		0D06262D28E02DB100A94A79 /* WaiterView.swift in Sources */ = {isa = PBXBuildFile; fileRef = 0D06262C28E02DB100A94A79 /* WaiterView.swift */; };
		0D06262E28E02DB100A94A79 /* WaiterView.swift in Sources */ = {isa = PBXBuildFile; fileRef = 0D06262C28E02DB100A94A79 /* WaiterView.swift */; };
		0D06263228E0300400A94A79 /* APIService.swift in Sources */ = {isa = PBXBuildFile; fileRef = 0D06263128E0300400A94A79 /* APIService.swift */; };
		0D06263328E0300400A94A79 /* APIService.swift in Sources */ = {isa = PBXBuildFile; fileRef = 0D06263128E0300400A94A79 /* APIService.swift */; };
		0D06263528E0303000A94A79 /* User.swift in Sources */ = {isa = PBXBuildFile; fileRef = 0D06263428E0303000A94A79 /* User.swift */; };
		0D06263628E0303000A94A79 /* User.swift in Sources */ = {isa = PBXBuildFile; fileRef = 0D06263428E0303000A94A79 /* User.swift */; };
		0D06263828E043F200A94A79 /* UIApplication.swift in Sources */ = {isa = PBXBuildFile; fileRef = 0D06263728E043F200A94A79 /* UIApplication.swift */; };
		0D06263928E043F200A94A79 /* UIApplication.swift in Sources */ = {isa = PBXBuildFile; fileRef = 0D06263728E043F200A94A79 /* UIApplication.swift */; };
		0D06263C28E0455800A94A79 /* LoginViewModel.swift in Sources */ = {isa = PBXBuildFile; fileRef = 0D06263B28E0455800A94A79 /* LoginViewModel.swift */; };
		0D06263D28E0455800A94A79 /* LoginViewModel.swift in Sources */ = {isa = PBXBuildFile; fileRef = 0D06263B28E0455800A94A79 /* LoginViewModel.swift */; };
		0D06263F28E0481500A94A79 /* LoginView.swift in Sources */ = {isa = PBXBuildFile; fileRef = 0D06263E28E0481500A94A79 /* LoginView.swift */; };
		0D06264028E0481500A94A79 /* LoginView.swift in Sources */ = {isa = PBXBuildFile; fileRef = 0D06263E28E0481500A94A79 /* LoginView.swift */; };
		0D06264228E04A2C00A94A79 /* Authentication.swift in Sources */ = {isa = PBXBuildFile; fileRef = 0D06264128E04A2C00A94A79 /* Authentication.swift */; };
		0D06264328E04A2C00A94A79 /* Authentication.swift in Sources */ = {isa = PBXBuildFile; fileRef = 0D06264128E04A2C00A94A79 /* Authentication.swift */; };
		0D588AA128DDE712004D4B07 /* Tests_iOS.swift in Sources */ = {isa = PBXBuildFile; fileRef = 0D588AA028DDE712004D4B07 /* Tests_iOS.swift */; };
		0D588AA328DDE712004D4B07 /* Tests_iOSLaunchTests.swift in Sources */ = {isa = PBXBuildFile; fileRef = 0D588AA228DDE712004D4B07 /* Tests_iOSLaunchTests.swift */; };
		0D588AAD28DDE712004D4B07 /* Tests_macOS.swift in Sources */ = {isa = PBXBuildFile; fileRef = 0D588AAC28DDE712004D4B07 /* Tests_macOS.swift */; };
		0D588AAF28DDE712004D4B07 /* Tests_macOSLaunchTests.swift in Sources */ = {isa = PBXBuildFile; fileRef = 0D588AAE28DDE712004D4B07 /* Tests_macOSLaunchTests.swift */; };
		0D588AB028DDE712004D4B07 /* qr_tea_exampleApp.swift in Sources */ = {isa = PBXBuildFile; fileRef = 0D588A8828DDE711004D4B07 /* qr_tea_exampleApp.swift */; };
		0D588AB128DDE712004D4B07 /* qr_tea_exampleApp.swift in Sources */ = {isa = PBXBuildFile; fileRef = 0D588A8828DDE711004D4B07 /* qr_tea_exampleApp.swift */; };
		0D588AB228DDE712004D4B07 /* ContentView.swift in Sources */ = {isa = PBXBuildFile; fileRef = 0D588A8928DDE711004D4B07 /* ContentView.swift */; };
		0D588AB328DDE712004D4B07 /* ContentView.swift in Sources */ = {isa = PBXBuildFile; fileRef = 0D588A8928DDE711004D4B07 /* ContentView.swift */; };
		0D588AB428DDE712004D4B07 /* Assets.xcassets in Resources */ = {isa = PBXBuildFile; fileRef = 0D588A8A28DDE711004D4B07 /* Assets.xcassets */; };
		0D588AB528DDE712004D4B07 /* Assets.xcassets in Resources */ = {isa = PBXBuildFile; fileRef = 0D588A8A28DDE711004D4B07 /* Assets.xcassets */; };
		0D588AC628DDECF7004D4B07 /* CodeScanner in Frameworks */ = {isa = PBXBuildFile; productRef = 0D588AC528DDECF7004D4B07 /* CodeScanner */; };
/* End PBXBuildFile section */

/* Begin PBXContainerItemProxy section */
		0D588A9D28DDE712004D4B07 /* PBXContainerItemProxy */ = {
			isa = PBXContainerItemProxy;
			containerPortal = 0D588A8328DDE710004D4B07 /* Project object */;
			proxyType = 1;
			remoteGlobalIDString = 0D588A8E28DDE712004D4B07;
			remoteInfo = "qr_tea_example (iOS)";
		};
		0D588AA928DDE712004D4B07 /* PBXContainerItemProxy */ = {
			isa = PBXContainerItemProxy;
			containerPortal = 0D588A8328DDE710004D4B07 /* Project object */;
			proxyType = 1;
			remoteGlobalIDString = 0D588A9428DDE712004D4B07;
			remoteInfo = "qr_tea_example (macOS)";
		};
/* End PBXContainerItemProxy section */

/* Begin PBXFileReference section */
		0D06262328E0089A00A94A79 /* ProspectsView.swift */ = {isa = PBXFileReference; lastKnownFileType = sourcecode.swift; path = ProspectsView.swift; sourceTree = "<group>"; };
		0D06262628E008B100A94A79 /* MeView.swift */ = {isa = PBXFileReference; lastKnownFileType = sourcecode.swift; path = MeView.swift; sourceTree = "<group>"; };
		0D06262928E00B0100A94A79 /* Prospact.swift */ = {isa = PBXFileReference; lastKnownFileType = sourcecode.swift; path = Prospact.swift; sourceTree = "<group>"; };
		0D06262C28E02DB100A94A79 /* WaiterView.swift */ = {isa = PBXFileReference; lastKnownFileType = sourcecode.swift; path = WaiterView.swift; sourceTree = "<group>"; };
		0D06263128E0300400A94A79 /* APIService.swift */ = {isa = PBXFileReference; lastKnownFileType = sourcecode.swift; path = APIService.swift; sourceTree = "<group>"; };
		0D06263428E0303000A94A79 /* User.swift */ = {isa = PBXFileReference; lastKnownFileType = sourcecode.swift; path = User.swift; sourceTree = "<group>"; };
		0D06263728E043F200A94A79 /* UIApplication.swift */ = {isa = PBXFileReference; lastKnownFileType = sourcecode.swift; path = UIApplication.swift; sourceTree = "<group>"; };
		0D06263B28E0455800A94A79 /* LoginViewModel.swift */ = {isa = PBXFileReference; lastKnownFileType = sourcecode.swift; path = LoginViewModel.swift; sourceTree = "<group>"; };
		0D06263E28E0481500A94A79 /* LoginView.swift */ = {isa = PBXFileReference; lastKnownFileType = sourcecode.swift; path = LoginView.swift; sourceTree = "<group>"; };
		0D06264128E04A2C00A94A79 /* Authentication.swift */ = {isa = PBXFileReference; lastKnownFileType = sourcecode.swift; path = Authentication.swift; sourceTree = "<group>"; };
		0D588A8828DDE711004D4B07 /* qr_tea_exampleApp.swift */ = {isa = PBXFileReference; lastKnownFileType = sourcecode.swift; path = qr_tea_exampleApp.swift; sourceTree = "<group>"; };
		0D588A8928DDE711004D4B07 /* ContentView.swift */ = {isa = PBXFileReference; lastKnownFileType = sourcecode.swift; path = ContentView.swift; sourceTree = "<group>"; };
		0D588A8A28DDE711004D4B07 /* Assets.xcassets */ = {isa = PBXFileReference; lastKnownFileType = folder.assetcatalog; path = Assets.xcassets; sourceTree = "<group>"; };
		0D588A8F28DDE712004D4B07 /* qr_tea_example.app */ = {isa = PBXFileReference; explicitFileType = wrapper.application; includeInIndex = 0; path = qr_tea_example.app; sourceTree = BUILT_PRODUCTS_DIR; };
		0D588A9528DDE712004D4B07 /* qr_tea_example.app */ = {isa = PBXFileReference; explicitFileType = wrapper.application; includeInIndex = 0; path = qr_tea_example.app; sourceTree = BUILT_PRODUCTS_DIR; };
		0D588A9728DDE712004D4B07 /* macOS.entitlements */ = {isa = PBXFileReference; lastKnownFileType = text.plist.entitlements; path = macOS.entitlements; sourceTree = "<group>"; };
		0D588A9C28DDE712004D4B07 /* Tests iOS.xctest */ = {isa = PBXFileReference; explicitFileType = wrapper.cfbundle; includeInIndex = 0; path = "Tests iOS.xctest"; sourceTree = BUILT_PRODUCTS_DIR; };
		0D588AA028DDE712004D4B07 /* Tests_iOS.swift */ = {isa = PBXFileReference; lastKnownFileType = sourcecode.swift; path = Tests_iOS.swift; sourceTree = "<group>"; };
		0D588AA228DDE712004D4B07 /* Tests_iOSLaunchTests.swift */ = {isa = PBXFileReference; lastKnownFileType = sourcecode.swift; path = Tests_iOSLaunchTests.swift; sourceTree = "<group>"; };
		0D588AA828DDE712004D4B07 /* Tests macOS.xctest */ = {isa = PBXFileReference; explicitFileType = wrapper.cfbundle; includeInIndex = 0; path = "Tests macOS.xctest"; sourceTree = BUILT_PRODUCTS_DIR; };
		0D588AAC28DDE712004D4B07 /* Tests_macOS.swift */ = {isa = PBXFileReference; lastKnownFileType = sourcecode.swift; path = Tests_macOS.swift; sourceTree = "<group>"; };
		0D588AAE28DDE712004D4B07 /* Tests_macOSLaunchTests.swift */ = {isa = PBXFileReference; lastKnownFileType = sourcecode.swift; path = Tests_macOSLaunchTests.swift; sourceTree = "<group>"; };
/* End PBXFileReference section */

/* Begin PBXFrameworksBuildPhase section */
		0D588A8C28DDE712004D4B07 /* Frameworks */ = {
			isa = PBXFrameworksBuildPhase;
			buildActionMask = 2147483647;
			files = (
				0D588AC628DDECF7004D4B07 /* CodeScanner in Frameworks */,
			);
			runOnlyForDeploymentPostprocessing = 0;
		};
		0D588A9228DDE712004D4B07 /* Frameworks */ = {
			isa = PBXFrameworksBuildPhase;
			buildActionMask = 2147483647;
			files = (
			);
			runOnlyForDeploymentPostprocessing = 0;
		};
		0D588A9928DDE712004D4B07 /* Frameworks */ = {
			isa = PBXFrameworksBuildPhase;
			buildActionMask = 2147483647;
			files = (
			);
			runOnlyForDeploymentPostprocessing = 0;
		};
		0D588AA528DDE712004D4B07 /* Frameworks */ = {
			isa = PBXFrameworksBuildPhase;
			buildActionMask = 2147483647;
			files = (
			);
			runOnlyForDeploymentPostprocessing = 0;
		};
/* End PBXFrameworksBuildPhase section */

/* Begin PBXGroup section */
		0D06262F28E02FEC00A94A79 /* Models */ = {
			isa = PBXGroup;
			children = (
				0D06262928E00B0100A94A79 /* Prospact.swift */,
				0D06263428E0303000A94A79 /* User.swift */,
			);
			path = Models;
			sourceTree = "<group>";
		};
		0D06263028E02FF400A94A79 /* Services */ = {
			isa = PBXGroup;
			children = (
				0D06263128E0300400A94A79 /* APIService.swift */,
				0D06263728E043F200A94A79 /* UIApplication.swift */,
				0D06264128E04A2C00A94A79 /* Authentication.swift */,
			);
			path = Services;
			sourceTree = "<group>";
		};
		0D06263A28E044E900A94A79 /* Views */ = {
			isa = PBXGroup;
			children = (
				0D06262C28E02DB100A94A79 /* WaiterView.swift */,
				0D588A8928DDE711004D4B07 /* ContentView.swift */,
				0D06262328E0089A00A94A79 /* ProspectsView.swift */,
				0D06262628E008B100A94A79 /* MeView.swift */,
				0D06263B28E0455800A94A79 /* LoginViewModel.swift */,
				0D06263E28E0481500A94A79 /* LoginView.swift */,
			);
			path = Views;
			sourceTree = "<group>";
		};
		0D588A8228DDE710004D4B07 = {
			isa = PBXGroup;
			children = (
				0D588A8728DDE711004D4B07 /* Shared */,
				0D588A9628DDE712004D4B07 /* macOS */,
				0D588A9F28DDE712004D4B07 /* Tests iOS */,
				0D588AAB28DDE712004D4B07 /* Tests macOS */,
				0D588A9028DDE712004D4B07 /* Products */,
			);
			sourceTree = "<group>";
		};
		0D588A8728DDE711004D4B07 /* Shared */ = {
			isa = PBXGroup;
			children = (
				0D06263A28E044E900A94A79 /* Views */,
				0D06263028E02FF400A94A79 /* Services */,
				0D06262F28E02FEC00A94A79 /* Models */,
				0D588A8828DDE711004D4B07 /* qr_tea_exampleApp.swift */,
				0D588A8A28DDE711004D4B07 /* Assets.xcassets */,
			);
			path = Shared;
			sourceTree = "<group>";
		};
		0D588A9028DDE712004D4B07 /* Products */ = {
			isa = PBXGroup;
			children = (
				0D588A8F28DDE712004D4B07 /* qr_tea_example.app */,
				0D588A9528DDE712004D4B07 /* qr_tea_example.app */,
				0D588A9C28DDE712004D4B07 /* Tests iOS.xctest */,
				0D588AA828DDE712004D4B07 /* Tests macOS.xctest */,
			);
			name = Products;
			sourceTree = "<group>";
		};
		0D588A9628DDE712004D4B07 /* macOS */ = {
			isa = PBXGroup;
			children = (
				0D588A9728DDE712004D4B07 /* macOS.entitlements */,
			);
			path = macOS;
			sourceTree = "<group>";
		};
		0D588A9F28DDE712004D4B07 /* Tests iOS */ = {
			isa = PBXGroup;
			children = (
				0D588AA028DDE712004D4B07 /* Tests_iOS.swift */,
				0D588AA228DDE712004D4B07 /* Tests_iOSLaunchTests.swift */,
			);
			path = "Tests iOS";
			sourceTree = "<group>";
		};
		0D588AAB28DDE712004D4B07 /* Tests macOS */ = {
			isa = PBXGroup;
			children = (
				0D588AAC28DDE712004D4B07 /* Tests_macOS.swift */,
				0D588AAE28DDE712004D4B07 /* Tests_macOSLaunchTests.swift */,
			);
			path = "Tests macOS";
			sourceTree = "<group>";
		};
/* End PBXGroup section */

/* Begin PBXNativeTarget section */
		0D588A8E28DDE712004D4B07 /* qr_tea_example (iOS) */ = {
			isa = PBXNativeTarget;
			buildConfigurationList = 0D588AB828DDE712004D4B07 /* Build configuration list for PBXNativeTarget "qr_tea_example (iOS)" */;
			buildPhases = (
				0D588A8B28DDE712004D4B07 /* Sources */,
				0D588A8C28DDE712004D4B07 /* Frameworks */,
				0D588A8D28DDE712004D4B07 /* Resources */,
			);
			buildRules = (
			);
			dependencies = (
			);
			name = "qr_tea_example (iOS)";
			packageProductDependencies = (
				0D588AC528DDECF7004D4B07 /* CodeScanner */,
			);
			productName = "qr_tea_example (iOS)";
			productReference = 0D588A8F28DDE712004D4B07 /* qr_tea_example.app */;
			productType = "com.apple.product-type.application";
		};
		0D588A9428DDE712004D4B07 /* qr_tea_example (macOS) */ = {
			isa = PBXNativeTarget;
			buildConfigurationList = 0D588ABB28DDE712004D4B07 /* Build configuration list for PBXNativeTarget "qr_tea_example (macOS)" */;
			buildPhases = (
				0D588A9128DDE712004D4B07 /* Sources */,
				0D588A9228DDE712004D4B07 /* Frameworks */,
				0D588A9328DDE712004D4B07 /* Resources */,
			);
			buildRules = (
			);
			dependencies = (
			);
			name = "qr_tea_example (macOS)";
			productName = "qr_tea_example (macOS)";
			productReference = 0D588A9528DDE712004D4B07 /* qr_tea_example.app */;
			productType = "com.apple.product-type.application";
		};
		0D588A9B28DDE712004D4B07 /* Tests iOS */ = {
			isa = PBXNativeTarget;
			buildConfigurationList = 0D588ABE28DDE712004D4B07 /* Build configuration list for PBXNativeTarget "Tests iOS" */;
			buildPhases = (
				0D588A9828DDE712004D4B07 /* Sources */,
				0D588A9928DDE712004D4B07 /* Frameworks */,
				0D588A9A28DDE712004D4B07 /* Resources */,
			);
			buildRules = (
			);
			dependencies = (
				0D588A9E28DDE712004D4B07 /* PBXTargetDependency */,
			);
			name = "Tests iOS";
			productName = "Tests iOS";
			productReference = 0D588A9C28DDE712004D4B07 /* Tests iOS.xctest */;
			productType = "com.apple.product-type.bundle.ui-testing";
		};
		0D588AA728DDE712004D4B07 /* Tests macOS */ = {
			isa = PBXNativeTarget;
			buildConfigurationList = 0D588AC128DDE712004D4B07 /* Build configuration list for PBXNativeTarget "Tests macOS" */;
			buildPhases = (
				0D588AA428DDE712004D4B07 /* Sources */,
				0D588AA528DDE712004D4B07 /* Frameworks */,
				0D588AA628DDE712004D4B07 /* Resources */,
			);
			buildRules = (
			);
			dependencies = (
				0D588AAA28DDE712004D4B07 /* PBXTargetDependency */,
			);
			name = "Tests macOS";
			productName = "Tests macOS";
			productReference = 0D588AA828DDE712004D4B07 /* Tests macOS.xctest */;
			productType = "com.apple.product-type.bundle.ui-testing";
		};
/* End PBXNativeTarget section */

/* Begin PBXProject section */
		0D588A8328DDE710004D4B07 /* Project object */ = {
			isa = PBXProject;
			attributes = {
				BuildIndependentTargetsInParallel = 1;
				LastSwiftUpdateCheck = 1340;
				LastUpgradeCheck = 1340;
				TargetAttributes = {
					0D588A8E28DDE712004D4B07 = {
						CreatedOnToolsVersion = 13.4.1;
					};
					0D588A9428DDE712004D4B07 = {
						CreatedOnToolsVersion = 13.4.1;
					};
					0D588A9B28DDE712004D4B07 = {
						CreatedOnToolsVersion = 13.4.1;
						TestTargetID = 0D588A8E28DDE712004D4B07;
					};
					0D588AA728DDE712004D4B07 = {
						CreatedOnToolsVersion = 13.4.1;
						TestTargetID = 0D588A9428DDE712004D4B07;
					};
				};
			};
			buildConfigurationList = 0D588A8628DDE710004D4B07 /* Build configuration list for PBXProject "qr_tea_example" */;
			compatibilityVersion = "Xcode 13.0";
			developmentRegion = en;
			hasScannedForEncodings = 0;
			knownRegions = (
				en,
				Base,
			);
			mainGroup = 0D588A8228DDE710004D4B07;
			packageReferences = (
				0D588AC428DDECF7004D4B07 /* XCRemoteSwiftPackageReference "CodeScanner" */,
			);
			productRefGroup = 0D588A9028DDE712004D4B07 /* Products */;
			projectDirPath = "";
			projectRoot = "";
			targets = (
				0D588A8E28DDE712004D4B07 /* qr_tea_example (iOS) */,
				0D588A9428DDE712004D4B07 /* qr_tea_example (macOS) */,
				0D588A9B28DDE712004D4B07 /* Tests iOS */,
				0D588AA728DDE712004D4B07 /* Tests macOS */,
			);
		};
/* End PBXProject section */

/* Begin PBXResourcesBuildPhase section */
		0D588A8D28DDE712004D4B07 /* Resources */ = {
			isa = PBXResourcesBuildPhase;
			buildActionMask = 2147483647;
			files = (
				0D588AB428DDE712004D4B07 /* Assets.xcassets in Resources */,
			);
			runOnlyForDeploymentPostprocessing = 0;
		};
		0D588A9328DDE712004D4B07 /* Resources */ = {
			isa = PBXResourcesBuildPhase;
			buildActionMask = 2147483647;
			files = (
				0D588AB528DDE712004D4B07 /* Assets.xcassets in Resources */,
			);
			runOnlyForDeploymentPostprocessing = 0;
		};
		0D588A9A28DDE712004D4B07 /* Resources */ = {
			isa = PBXResourcesBuildPhase;
			buildActionMask = 2147483647;
			files = (
			);
			runOnlyForDeploymentPostprocessing = 0;
		};
		0D588AA628DDE712004D4B07 /* Resources */ = {
			isa = PBXResourcesBuildPhase;
			buildActionMask = 2147483647;
			files = (
			);
			runOnlyForDeploymentPostprocessing = 0;
		};
/* End PBXResourcesBuildPhase section */

/* Begin PBXSourcesBuildPhase section */
		0D588A8B28DDE712004D4B07 /* Sources */ = {
			isa = PBXSourcesBuildPhase;
			buildActionMask = 2147483647;
			files = (
				0D06263828E043F200A94A79 /* UIApplication.swift in Sources */,
				0D06262D28E02DB100A94A79 /* WaiterView.swift in Sources */,
				0D06263228E0300400A94A79 /* APIService.swift in Sources */,
				0D06262728E008B100A94A79 /* MeView.swift in Sources */,
				0D06262428E0089A00A94A79 /* ProspectsView.swift in Sources */,
				0D06263528E0303000A94A79 /* User.swift in Sources */,
				0D06262A28E00B0100A94A79 /* Prospact.swift in Sources */,
				0D588AB228DDE712004D4B07 /* ContentView.swift in Sources */,
				0D06263F28E0481500A94A79 /* LoginView.swift in Sources */,
				0D06263C28E0455800A94A79 /* LoginViewModel.swift in Sources */,
				0D588AB028DDE712004D4B07 /* qr_tea_exampleApp.swift in Sources */,
				0D06264228E04A2C00A94A79 /* Authentication.swift in Sources */,
			);
			runOnlyForDeploymentPostprocessing = 0;
		};
		0D588A9128DDE712004D4B07 /* Sources */ = {
			isa = PBXSourcesBuildPhase;
			buildActionMask = 2147483647;
			files = (
				0D06263928E043F200A94A79 /* UIApplication.swift in Sources */,
				0D06262E28E02DB100A94A79 /* WaiterView.swift in Sources */,
				0D06263328E0300400A94A79 /* APIService.swift in Sources */,
				0D06262828E008B100A94A79 /* MeView.swift in Sources */,
				0D06262528E0089A00A94A79 /* ProspectsView.swift in Sources */,
				0D06263628E0303000A94A79 /* User.swift in Sources */,
				0D06262B28E00B0100A94A79 /* Prospact.swift in Sources */,
				0D588AB328DDE712004D4B07 /* ContentView.swift in Sources */,
				0D06264028E0481500A94A79 /* LoginView.swift in Sources */,
				0D06263D28E0455800A94A79 /* LoginViewModel.swift in Sources */,
				0D588AB128DDE712004D4B07 /* qr_tea_exampleApp.swift in Sources */,
				0D06264328E04A2C00A94A79 /* Authentication.swift in Sources */,
			);
			runOnlyForDeploymentPostprocessing = 0;
		};
		0D588A9828DDE712004D4B07 /* Sources */ = {
			isa = PBXSourcesBuildPhase;
			buildActionMask = 2147483647;
			files = (
				0D588AA328DDE712004D4B07 /* Tests_iOSLaunchTests.swift in Sources */,
				0D588AA128DDE712004D4B07 /* Tests_iOS.swift in Sources */,
			);
			runOnlyForDeploymentPostprocessing = 0;
		};
		0D588AA428DDE712004D4B07 /* Sources */ = {
			isa = PBXSourcesBuildPhase;
			buildActionMask = 2147483647;
			files = (
				0D588AAF28DDE712004D4B07 /* Tests_macOSLaunchTests.swift in Sources */,
				0D588AAD28DDE712004D4B07 /* Tests_macOS.swift in Sources */,
			);
			runOnlyForDeploymentPostprocessing = 0;
		};
/* End PBXSourcesBuildPhase section */

/* Begin PBXTargetDependency section */
		0D588A9E28DDE712004D4B07 /* PBXTargetDependency */ = {
			isa = PBXTargetDependency;
			target = 0D588A8E28DDE712004D4B07 /* qr_tea_example (iOS) */;
			targetProxy = 0D588A9D28DDE712004D4B07 /* PBXContainerItemProxy */;
		};
		0D588AAA28DDE712004D4B07 /* PBXTargetDependency */ = {
			isa = PBXTargetDependency;
			target = 0D588A9428DDE712004D4B07 /* qr_tea_example (macOS) */;
			targetProxy = 0D588AA928DDE712004D4B07 /* PBXContainerItemProxy */;
		};
/* End PBXTargetDependency section */

/* Begin XCBuildConfiguration section */
		0D588AB628DDE712004D4B07 /* Debug */ = {
			isa = XCBuildConfiguration;
			buildSettings = {
				ALWAYS_SEARCH_USER_PATHS = NO;
				CLANG_ANALYZER_NONNULL = YES;
				CLANG_ANALYZER_NUMBER_OBJECT_CONVERSION = YES_AGGRESSIVE;
				CLANG_CXX_LANGUAGE_STANDARD = "gnu++17";
				CLANG_ENABLE_MODULES = YES;
				CLANG_ENABLE_OBJC_ARC = YES;
				CLANG_ENABLE_OBJC_WEAK = YES;
				CLANG_WARN_BLOCK_CAPTURE_AUTORELEASING = YES;
				CLANG_WARN_BOOL_CONVERSION = YES;
				CLANG_WARN_COMMA = YES;
				CLANG_WARN_CONSTANT_CONVERSION = YES;
				CLANG_WARN_DEPRECATED_OBJC_IMPLEMENTATIONS = YES;
				CLANG_WARN_DIRECT_OBJC_ISA_USAGE = YES_ERROR;
				CLANG_WARN_DOCUMENTATION_COMMENTS = YES;
				CLANG_WARN_EMPTY_BODY = YES;
				CLANG_WARN_ENUM_CONVERSION = YES;
				CLANG_WARN_INFINITE_RECURSION = YES;
				CLANG_WARN_INT_CONVERSION = YES;
				CLANG_WARN_NON_LITERAL_NULL_CONVERSION = YES;
				CLANG_WARN_OBJC_IMPLICIT_RETAIN_SELF = YES;
				CLANG_WARN_OBJC_LITERAL_CONVERSION = YES;
				CLANG_WARN_OBJC_ROOT_CLASS = YES_ERROR;
				CLANG_WARN_QUOTED_INCLUDE_IN_FRAMEWORK_HEADER = YES;
				CLANG_WARN_RANGE_LOOP_ANALYSIS = YES;
				CLANG_WARN_STRICT_PROTOTYPES = YES;
				CLANG_WARN_SUSPICIOUS_MOVE = YES;
				CLANG_WARN_UNGUARDED_AVAILABILITY = YES_AGGRESSIVE;
				CLANG_WARN_UNREACHABLE_CODE = YES;
				CLANG_WARN__DUPLICATE_METHOD_MATCH = YES;
				COPY_PHASE_STRIP = NO;
				DEBUG_INFORMATION_FORMAT = dwarf;
				ENABLE_STRICT_OBJC_MSGSEND = YES;
				ENABLE_TESTABILITY = YES;
				GCC_C_LANGUAGE_STANDARD = gnu11;
				GCC_DYNAMIC_NO_PIC = NO;
				GCC_NO_COMMON_BLOCKS = YES;
				GCC_OPTIMIZATION_LEVEL = 0;
				GCC_PREPROCESSOR_DEFINITIONS = (
					"DEBUG=1",
					"$(inherited)",
				);
				GCC_WARN_64_TO_32_BIT_CONVERSION = YES;
				GCC_WARN_ABOUT_RETURN_TYPE = YES_ERROR;
				GCC_WARN_UNDECLARED_SELECTOR = YES;
				GCC_WARN_UNINITIALIZED_AUTOS = YES_AGGRESSIVE;
				GCC_WARN_UNUSED_FUNCTION = YES;
				GCC_WARN_UNUSED_VARIABLE = YES;
				MTL_ENABLE_DEBUG_INFO = INCLUDE_SOURCE;
				MTL_FAST_MATH = YES;
				ONLY_ACTIVE_ARCH = YES;
				SWIFT_ACTIVE_COMPILATION_CONDITIONS = DEBUG;
				SWIFT_OPTIMIZATION_LEVEL = "-Onone";
			};
			name = Debug;
		};
		0D588AB728DDE712004D4B07 /* Release */ = {
			isa = XCBuildConfiguration;
			buildSettings = {
				ALWAYS_SEARCH_USER_PATHS = NO;
				CLANG_ANALYZER_NONNULL = YES;
				CLANG_ANALYZER_NUMBER_OBJECT_CONVERSION = YES_AGGRESSIVE;
				CLANG_CXX_LANGUAGE_STANDARD = "gnu++17";
				CLANG_ENABLE_MODULES = YES;
				CLANG_ENABLE_OBJC_ARC = YES;
				CLANG_ENABLE_OBJC_WEAK = YES;
				CLANG_WARN_BLOCK_CAPTURE_AUTORELEASING = YES;
				CLANG_WARN_BOOL_CONVERSION = YES;
				CLANG_WARN_COMMA = YES;
				CLANG_WARN_CONSTANT_CONVERSION = YES;
				CLANG_WARN_DEPRECATED_OBJC_IMPLEMENTATIONS = YES;
				CLANG_WARN_DIRECT_OBJC_ISA_USAGE = YES_ERROR;
				CLANG_WARN_DOCUMENTATION_COMMENTS = YES;
				CLANG_WARN_EMPTY_BODY = YES;
				CLANG_WARN_ENUM_CONVERSION = YES;
				CLANG_WARN_INFINITE_RECURSION = YES;
				CLANG_WARN_INT_CONVERSION = YES;
				CLANG_WARN_NON_LITERAL_NULL_CONVERSION = YES;
				CLANG_WARN_OBJC_IMPLICIT_RETAIN_SELF = YES;
				CLANG_WARN_OBJC_LITERAL_CONVERSION = YES;
				CLANG_WARN_OBJC_ROOT_CLASS = YES_ERROR;
				CLANG_WARN_QUOTED_INCLUDE_IN_FRAMEWORK_HEADER = YES;
				CLANG_WARN_RANGE_LOOP_ANALYSIS = YES;
				CLANG_WARN_STRICT_PROTOTYPES = YES;
				CLANG_WARN_SUSPICIOUS_MOVE = YES;
				CLANG_WARN_UNGUARDED_AVAILABILITY = YES_AGGRESSIVE;
				CLANG_WARN_UNREACHABLE_CODE = YES;
				CLANG_WARN__DUPLICATE_METHOD_MATCH = YES;
				COPY_PHASE_STRIP = NO;
				DEBUG_INFORMATION_FORMAT = "dwarf-with-dsym";
				ENABLE_NS_ASSERTIONS = NO;
				ENABLE_STRICT_OBJC_MSGSEND = YES;
				GCC_C_LANGUAGE_STANDARD = gnu11;
				GCC_NO_COMMON_BLOCKS = YES;
				GCC_WARN_64_TO_32_BIT_CONVERSION = YES;
				GCC_WARN_ABOUT_RETURN_TYPE = YES_ERROR;
				GCC_WARN_UNDECLARED_SELECTOR = YES;
				GCC_WARN_UNINITIALIZED_AUTOS = YES_AGGRESSIVE;
				GCC_WARN_UNUSED_FUNCTION = YES;
				GCC_WARN_UNUSED_VARIABLE = YES;
				MTL_ENABLE_DEBUG_INFO = NO;
				MTL_FAST_MATH = YES;
				SWIFT_COMPILATION_MODE = wholemodule;
				SWIFT_OPTIMIZATION_LEVEL = "-O";
			};
			name = Release;
		};
		0D588AB928DDE712004D4B07 /* Debug */ = {
			isa = XCBuildConfiguration;
			buildSettings = {
				ASSETCATALOG_COMPILER_APPICON_NAME = AppIcon;
				ASSETCATALOG_COMPILER_GLOBAL_ACCENT_COLOR_NAME = AccentColor;
				CODE_SIGN_STYLE = Automatic;
				CURRENT_PROJECT_VERSION = 1;
				ENABLE_PREVIEWS = YES;
				GENERATE_INFOPLIST_FILE = YES;
				INFOPLIST_KEY_NSCameraUsageDescription = "We need to camera QR scan ";
				INFOPLIST_KEY_UIApplicationSceneManifest_Generation = YES;
				INFOPLIST_KEY_UIApplicationSupportsIndirectInputEvents = YES;
				INFOPLIST_KEY_UILaunchScreen_Generation = YES;
				INFOPLIST_KEY_UISupportedInterfaceOrientations_iPad = "UIInterfaceOrientationPortrait UIInterfaceOrientationPortraitUpsideDown UIInterfaceOrientationLandscapeLeft UIInterfaceOrientationLandscapeRight";
				INFOPLIST_KEY_UISupportedInterfaceOrientations_iPhone = "UIInterfaceOrientationPortrait UIInterfaceOrientationLandscapeLeft UIInterfaceOrientationLandscapeRight";
				INFOPLIST_KEY_UIUserInterfaceStyle = Light;
				IPHONEOS_DEPLOYMENT_TARGET = 15.5;
				LD_RUNPATH_SEARCH_PATHS = (
					"$(inherited)",
					"@executable_path/Frameworks",
				);
				MARKETING_VERSION = 1.0;
				PRODUCT_BUNDLE_IDENTIFIER = "itstep.qr-tea-example";
				PRODUCT_NAME = qr_tea_example;
				SDKROOT = iphoneos;
				SWIFT_EMIT_LOC_STRINGS = YES;
				SWIFT_VERSION = 5.0;
				TARGETED_DEVICE_FAMILY = "1,2";
			};
			name = Debug;
		};
		0D588ABA28DDE712004D4B07 /* Release */ = {
			isa = XCBuildConfiguration;
			buildSettings = {
				ASSETCATALOG_COMPILER_APPICON_NAME = AppIcon;
				ASSETCATALOG_COMPILER_GLOBAL_ACCENT_COLOR_NAME = AccentColor;
				CODE_SIGN_STYLE = Automatic;
				CURRENT_PROJECT_VERSION = 1;
				ENABLE_PREVIEWS = YES;
				GENERATE_INFOPLIST_FILE = YES;
				INFOPLIST_KEY_NSCameraUsageDescription = "We need to camera QR scan ";
				INFOPLIST_KEY_UIApplicationSceneManifest_Generation = YES;
				INFOPLIST_KEY_UIApplicationSupportsIndirectInputEvents = YES;
				INFOPLIST_KEY_UILaunchScreen_Generation = YES;
				INFOPLIST_KEY_UISupportedInterfaceOrientations_iPad = "UIInterfaceOrientationPortrait UIInterfaceOrientationPortraitUpsideDown UIInterfaceOrientationLandscapeLeft UIInterfaceOrientationLandscapeRight";
				INFOPLIST_KEY_UISupportedInterfaceOrientations_iPhone = "UIInterfaceOrientationPortrait UIInterfaceOrientationLandscapeLeft UIInterfaceOrientationLandscapeRight";
				INFOPLIST_KEY_UIUserInterfaceStyle = Light;
				IPHONEOS_DEPLOYMENT_TARGET = 15.5;
				LD_RUNPATH_SEARCH_PATHS = (
					"$(inherited)",
					"@executable_path/Frameworks",
				);
				MARKETING_VERSION = 1.0;
				PRODUCT_BUNDLE_IDENTIFIER = "itstep.qr-tea-example";
				PRODUCT_NAME = qr_tea_example;
				SDKROOT = iphoneos;
				SWIFT_EMIT_LOC_STRINGS = YES;
				SWIFT_VERSION = 5.0;
				TARGETED_DEVICE_FAMILY = "1,2";
				VALIDATE_PRODUCT = YES;
			};
			name = Release;
		};
		0D588ABC28DDE712004D4B07 /* Debug */ = {
			isa = XCBuildConfiguration;
			buildSettings = {
				ASSETCATALOG_COMPILER_APPICON_NAME = AppIcon;
				ASSETCATALOG_COMPILER_GLOBAL_ACCENT_COLOR_NAME = AccentColor;
				CODE_SIGN_ENTITLEMENTS = macOS/macOS.entitlements;
				CODE_SIGN_STYLE = Automatic;
				COMBINE_HIDPI_IMAGES = YES;
				CURRENT_PROJECT_VERSION = 1;
				ENABLE_PREVIEWS = YES;
				GENERATE_INFOPLIST_FILE = YES;
				INFOPLIST_KEY_NSHumanReadableCopyright = "";
				LD_RUNPATH_SEARCH_PATHS = (
					"$(inherited)",
					"@executable_path/../Frameworks",
				);
				MACOSX_DEPLOYMENT_TARGET = 12.3;
				MARKETING_VERSION = 1.0;
				PRODUCT_BUNDLE_IDENTIFIER = "itstep.qr-tea-example";
				PRODUCT_NAME = qr_tea_example;
				SDKROOT = macosx;
				SWIFT_EMIT_LOC_STRINGS = YES;
				SWIFT_VERSION = 5.0;
			};
			name = Debug;
		};
		0D588ABD28DDE712004D4B07 /* Release */ = {
			isa = XCBuildConfiguration;
			buildSettings = {
				ASSETCATALOG_COMPILER_APPICON_NAME = AppIcon;
				ASSETCATALOG_COMPILER_GLOBAL_ACCENT_COLOR_NAME = AccentColor;
				CODE_SIGN_ENTITLEMENTS = macOS/macOS.entitlements;
				CODE_SIGN_STYLE = Automatic;
				COMBINE_HIDPI_IMAGES = YES;
				CURRENT_PROJECT_VERSION = 1;
				ENABLE_PREVIEWS = YES;
				GENERATE_INFOPLIST_FILE = YES;
				INFOPLIST_KEY_NSHumanReadableCopyright = "";
				LD_RUNPATH_SEARCH_PATHS = (
					"$(inherited)",
					"@executable_path/../Frameworks",
				);
				MACOSX_DEPLOYMENT_TARGET = 12.3;
				MARKETING_VERSION = 1.0;
				PRODUCT_BUNDLE_IDENTIFIER = "itstep.qr-tea-example";
				PRODUCT_NAME = qr_tea_example;
				SDKROOT = macosx;
				SWIFT_EMIT_LOC_STRINGS = YES;
				SWIFT_VERSION = 5.0;
			};
			name = Release;
		};
		0D588ABF28DDE712004D4B07 /* Debug */ = {
			isa = XCBuildConfiguration;
			buildSettings = {
				ALWAYS_EMBED_SWIFT_STANDARD_LIBRARIES = YES;
				CODE_SIGN_STYLE = Automatic;
				CURRENT_PROJECT_VERSION = 1;
				GENERATE_INFOPLIST_FILE = YES;
				IPHONEOS_DEPLOYMENT_TARGET = 15.5;
				MARKETING_VERSION = 1.0;
				PRODUCT_BUNDLE_IDENTIFIER = "itstep.Tests-iOS";
				PRODUCT_NAME = "$(TARGET_NAME)";
				SDKROOT = iphoneos;
				SWIFT_EMIT_LOC_STRINGS = NO;
				SWIFT_VERSION = 5.0;
				TARGETED_DEVICE_FAMILY = "1,2";
				TEST_TARGET_NAME = "qr_tea_example (iOS)";
			};
			name = Debug;
		};
		0D588AC028DDE712004D4B07 /* Release */ = {
			isa = XCBuildConfiguration;
			buildSettings = {
				ALWAYS_EMBED_SWIFT_STANDARD_LIBRARIES = YES;
				CODE_SIGN_STYLE = Automatic;
				CURRENT_PROJECT_VERSION = 1;
				GENERATE_INFOPLIST_FILE = YES;
				IPHONEOS_DEPLOYMENT_TARGET = 15.5;
				MARKETING_VERSION = 1.0;
				PRODUCT_BUNDLE_IDENTIFIER = "itstep.Tests-iOS";
				PRODUCT_NAME = "$(TARGET_NAME)";
				SDKROOT = iphoneos;
				SWIFT_EMIT_LOC_STRINGS = NO;
				SWIFT_VERSION = 5.0;
				TARGETED_DEVICE_FAMILY = "1,2";
				TEST_TARGET_NAME = "qr_tea_example (iOS)";
				VALIDATE_PRODUCT = YES;
			};
			name = Release;
		};
		0D588AC228DDE712004D4B07 /* Debug */ = {
			isa = XCBuildConfiguration;
			buildSettings = {
				ALWAYS_EMBED_SWIFT_STANDARD_LIBRARIES = YES;
				CODE_SIGN_STYLE = Automatic;
				CURRENT_PROJECT_VERSION = 1;
				GENERATE_INFOPLIST_FILE = YES;
				MACOSX_DEPLOYMENT_TARGET = 12.3;
				MARKETING_VERSION = 1.0;
				PRODUCT_BUNDLE_IDENTIFIER = "itstep.Tests-macOS";
				PRODUCT_NAME = "$(TARGET_NAME)";
				SDKROOT = macosx;
				SWIFT_EMIT_LOC_STRINGS = NO;
				SWIFT_VERSION = 5.0;
				TEST_TARGET_NAME = "qr_tea_example (macOS)";
			};
			name = Debug;
		};
		0D588AC328DDE712004D4B07 /* Release */ = {
			isa = XCBuildConfiguration;
			buildSettings = {
				ALWAYS_EMBED_SWIFT_STANDARD_LIBRARIES = YES;
				CODE_SIGN_STYLE = Automatic;
				CURRENT_PROJECT_VERSION = 1;
				GENERATE_INFOPLIST_FILE = YES;
				MACOSX_DEPLOYMENT_TARGET = 12.3;
				MARKETING_VERSION = 1.0;
				PRODUCT_BUNDLE_IDENTIFIER = "itstep.Tests-macOS";
				PRODUCT_NAME = "$(TARGET_NAME)";
				SDKROOT = macosx;
				SWIFT_EMIT_LOC_STRINGS = NO;
				SWIFT_VERSION = 5.0;
				TEST_TARGET_NAME = "qr_tea_example (macOS)";
			};
			name = Release;
		};
/* End XCBuildConfiguration section */

/* Begin XCConfigurationList section */
		0D588A8628DDE710004D4B07 /* Build configuration list for PBXProject "qr_tea_example" */ = {
			isa = XCConfigurationList;
			buildConfigurations = (
				0D588AB628DDE712004D4B07 /* Debug */,
				0D588AB728DDE712004D4B07 /* Release */,
			);
			defaultConfigurationIsVisible = 0;
			defaultConfigurationName = Release;
		};
		0D588AB828DDE712004D4B07 /* Build configuration list for PBXNativeTarget "qr_tea_example (iOS)" */ = {
			isa = XCConfigurationList;
			buildConfigurations = (
				0D588AB928DDE712004D4B07 /* Debug */,
				0D588ABA28DDE712004D4B07 /* Release */,
			);
			defaultConfigurationIsVisible = 0;
			defaultConfigurationName = Release;
		};
		0D588ABB28DDE712004D4B07 /* Build configuration list for PBXNativeTarget "qr_tea_example (macOS)" */ = {
			isa = XCConfigurationList;
			buildConfigurations = (
				0D588ABC28DDE712004D4B07 /* Debug */,
				0D588ABD28DDE712004D4B07 /* Release */,
			);
			defaultConfigurationIsVisible = 0;
			defaultConfigurationName = Release;
		};
		0D588ABE28DDE712004D4B07 /* Build configuration list for PBXNativeTarget "Tests iOS" */ = {
			isa = XCConfigurationList;
			buildConfigurations = (
				0D588ABF28DDE712004D4B07 /* Debug */,
				0D588AC028DDE712004D4B07 /* Release */,
			);
			defaultConfigurationIsVisible = 0;
			defaultConfigurationName = Release;
		};
		0D588AC128DDE712004D4B07 /* Build configuration list for PBXNativeTarget "Tests macOS" */ = {
			isa = XCConfigurationList;
			buildConfigurations = (
				0D588AC228DDE712004D4B07 /* Debug */,
				0D588AC328DDE712004D4B07 /* Release */,
			);
			defaultConfigurationIsVisible = 0;
			defaultConfigurationName = Release;
		};
/* End XCConfigurationList section */

/* Begin XCRemoteSwiftPackageReference section */
		0D588AC428DDECF7004D4B07 /* XCRemoteSwiftPackageReference "CodeScanner" */ = {
			isa = XCRemoteSwiftPackageReference;
			repositoryURL = "https://github.com/twostraws/CodeScanner";
			requirement = {
				kind = upToNextMajorVersion;
				minimumVersion = 2.0.0;
			};
		};
/* End XCRemoteSwiftPackageReference section */

/* Begin XCSwiftPackageProductDependency section */
		0D588AC528DDECF7004D4B07 /* CodeScanner */ = {
			isa = XCSwiftPackageProductDependency;
			package = 0D588AC428DDECF7004D4B07 /* XCRemoteSwiftPackageReference "CodeScanner" */;
			productName = CodeScanner;
		};
/* End XCSwiftPackageProductDependency section */
	};
	rootObject = 0D588A8328DDE710004D4B07 /* Project object */;
}
